
Microsoft Visual Studio Solution File, Format Version 12.00
# Visual Studio Version 17
VisualStudioVersion = 17.0.31903.59
MinimumVisualStudioVersion = 10.0.40219.1
Project("{FAE04EC0-301F-11D3-BF4B-00C04F79EFBC}") = "IWantApp", "IWantApp.csproj", "{DE5654FF-F150-4A14-95CF-97F9F1B5C31E}"
EndProject
Global
	GlobalSection(SolutionConfigurationPlatforms) = preSolution
		Debug|Any CPU = Debug|Any CPU
		Release|Any CPU = Release|Any CPU
	EndGlobalSection
	GlobalSection(ProjectConfigurationPlatforms) = postSolution
		{DE5654FF-F150-4A14-95CF-97F9F1B5C31E}.Debug|Any CPU.ActiveCfg = Debug|Any CPU
		{DE5654FF-F150-4A14-95CF-97F9F1B5C31E}.Debug|Any CPU.Build.0 = Debug|Any CPU
		{DE5654FF-F150-4A14-95CF-97F9F1B5C31E}.Release|Any CPU.ActiveCfg = Release|Any CPU
		{DE5654FF-F150-4A14-95CF-97F9F1B5C31E}.Release|Any CPU.Build.0 = Release|Any CPU
	EndGlobalSection
	GlobalSection(SolutionProperties) = preSolution
		HideSolutionNode = FALSE
	EndGlobalSection
	GlobalSection(ExtensibilityGlobals) = postSolution
		SolutionGuid = {51A77522-CBD2-40CC-AC5C-5E68A2FEE7A5}
	EndGlobalSection
EndGlobal
